
Microsoft Visual Studio Solution File, Format Version 12.00
# Visual Studio Version 17
VisualStudioVersion = 17.0.31919.166
MinimumVisualStudioVersion = 10.0.40219.1
Project("{9A19103F-16F7-4668-BE54-9A1E7A4F7556}") = "Commons", "..\..\Commons\Commons.csproj", "{F4D8A4FC-2F1C-4753-B077-DC2E715470ED}"
EndProject
Project("{FAE04EC0-301F-11D3-BF4B-00C04F79EFBC}") = "Task1", "Task1\Task1.csproj", "{8245A130-3FF9-46CC-9FAD-3A495FCBEC66}"
EndProject
Project("{FAE04EC0-301F-11D3-BF4B-00C04F79EFBC}") = "Task2", "Task2\Task2.csproj", "{14AC0985-B31E-46AD-96C3-6EC3F9D5B636}"
EndProject
Global
	GlobalSection(SolutionConfigurationPlatforms) = preSolution
		Debug|Any CPU = Debug|Any CPU
		Release|Any CPU = Release|Any CPU
	EndGlobalSection
	GlobalSection(ProjectConfigurationPlatforms) = postSolution
		{F4D8A4FC-2F1C-4753-B077-DC2E715470ED}.Debug|Any CPU.ActiveCfg = Debug|Any CPU
		{F4D8A4FC-2F1C-4753-B077-DC2E715470ED}.Debug|Any CPU.Build.0 = Debug|Any CPU
		{F4D8A4FC-2F1C-4753-B077-DC2E715470ED}.Release|Any CPU.ActiveCfg = Release|Any CPU
		{F4D8A4FC-2F1C-4753-B077-DC2E715470ED}.Release|Any CPU.Build.0 = Release|Any CPU
		{8245A130-3FF9-46CC-9FAD-3A495FCBEC66}.Debug|Any CPU.ActiveCfg = Debug|Any CPU
		{8245A130-3FF9-46CC-9FAD-3A495FCBEC66}.Debug|Any CPU.Build.0 = Debug|Any CPU
		{8245A130-3FF9-46CC-9FAD-3A495FCBEC66}.Release|Any CPU.ActiveCfg = Release|Any CPU
		{8245A130-3FF9-46CC-9FAD-3A495FCBEC66}.Release|Any CPU.Build.0 = Release|Any CPU
		{14AC0985-B31E-46AD-96C3-6EC3F9D5B636}.Debug|Any CPU.ActiveCfg = Debug|Any CPU
		{14AC0985-B31E-46AD-96C3-6EC3F9D5B636}.Debug|Any CPU.Build.0 = Debug|Any CPU
		{14AC0985-B31E-46AD-96C3-6EC3F9D5B636}.Release|Any CPU.ActiveCfg = Release|Any CPU
		{14AC0985-B31E-46AD-96C3-6EC3F9D5B636}.Release|Any CPU.Build.0 = Release|Any CPU
	EndGlobalSection
	GlobalSection(SolutionProperties) = preSolution
		HideSolutionNode = FALSE
	EndGlobalSection
	GlobalSection(ExtensibilityGlobals) = postSolution
		SolutionGuid = {8FA815FB-13F9-4D25-9AB8-49A8A6519E5B}
	EndGlobalSection
EndGlobal
